
Microsoft Visual Studio Solution File, Format Version 12.00
# Visual Studio Version 17
VisualStudioVersion = 17.10.35027.167
MinimumVisualStudioVersion = 10.0.40219.1
Project("{FAE04EC0-301F-11D3-BF4B-00C04F79EFBC}") = "DesignPatern", "DesignPatern\DesignPatern.csproj", "{77A0EC95-10E3-477E-8E73-CA06EA666532}"
EndProject
Global
	GlobalSection(SolutionConfigurationPlatforms) = preSolution
		Debug|Any CPU = Debug|Any CPU
		Release|Any CPU = Release|Any CPU
	EndGlobalSection
	GlobalSection(ProjectConfigurationPlatforms) = postSolution
		{77A0EC95-10E3-477E-8E73-CA06EA666532}.Debug|Any CPU.ActiveCfg = Debug|Any CPU
		{77A0EC95-10E3-477E-8E73-CA06EA666532}.Debug|Any CPU.Build.0 = Debug|Any CPU
		{77A0EC95-10E3-477E-8E73-CA06EA666532}.Release|Any CPU.ActiveCfg = Release|Any CPU
		{77A0EC95-10E3-477E-8E73-CA06EA666532}.Release|Any CPU.Build.0 = Release|Any CPU
	EndGlobalSection
	GlobalSection(SolutionProperties) = preSolution
		HideSolutionNode = FALSE
	EndGlobalSection
	GlobalSection(ExtensibilityGlobals) = postSolution
		SolutionGuid = {23C9E133-476F-46F7-8E9F-6D993BA4CADE}
	EndGlobalSection
EndGlobal
